
Microsoft Visual Studio Solution File, Format Version 12.00
# Visual Studio Version 17
VisualStudioVersion = 17.6.33829.357
MinimumVisualStudioVersion = 10.0.40219.1
Project("{FAE04EC0-301F-11D3-BF4B-00C04F79EFBC}") = "TessInvoice", "TessInvoice\TessInvoice.csproj", "{0FD8927D-0074-4BF6-BC66-D91EA527A185}"
EndProject
Global
	GlobalSection(SolutionConfigurationPlatforms) = preSolution
		Debug|Any CPU = Debug|Any CPU
		Release|Any CPU = Release|Any CPU
	EndGlobalSection
	GlobalSection(ProjectConfigurationPlatforms) = postSolution
		{0FD8927D-0074-4BF6-BC66-D91EA527A185}.Debug|Any CPU.ActiveCfg = Debug|Any CPU
		{0FD8927D-0074-4BF6-BC66-D91EA527A185}.Debug|Any CPU.Build.0 = Debug|Any CPU
		{0FD8927D-0074-4BF6-BC66-D91EA527A185}.Release|Any CPU.ActiveCfg = Release|Any CPU
		{0FD8927D-0074-4BF6-BC66-D91EA527A185}.Release|Any CPU.Build.0 = Release|Any CPU
	EndGlobalSection
	GlobalSection(SolutionProperties) = preSolution
		HideSolutionNode = FALSE
	EndGlobalSection
	GlobalSection(ExtensibilityGlobals) = postSolution
		SolutionGuid = {2F90EC77-27F1-4729-B820-98EE6BB0909E}
	EndGlobalSection
EndGlobal
